
Microsoft Visual Studio Solution File, Format Version 12.00
# Visual Studio Version 17
VisualStudioVersion = 17.1.32210.238
MinimumVisualStudioVersion = 10.0.40219.1
Project("{FAE04EC0-301F-11D3-BF4B-00C04F79EFBC}") = "TheNomad.Translitter", "TheNomad.Translitter\TheNomad.Translitter.csproj", "{5768539E-B5C4-4021-8307-455A15F8197C}"
EndProject
Global
	GlobalSection(SolutionConfigurationPlatforms) = preSolution
		Debug|Any CPU = Debug|Any CPU
		Release|Any CPU = Release|Any CPU
	EndGlobalSection
	GlobalSection(ProjectConfigurationPlatforms) = postSolution
		{5768539E-B5C4-4021-8307-455A15F8197C}.Debug|Any CPU.ActiveCfg = Debug|Any CPU
		{5768539E-B5C4-4021-8307-455A15F8197C}.Debug|Any CPU.Build.0 = Debug|Any CPU
		{5768539E-B5C4-4021-8307-455A15F8197C}.Release|Any CPU.ActiveCfg = Release|Any CPU
		{5768539E-B5C4-4021-8307-455A15F8197C}.Release|Any CPU.Build.0 = Release|Any CPU
	EndGlobalSection
	GlobalSection(SolutionProperties) = preSolution
		HideSolutionNode = FALSE
	EndGlobalSection
	GlobalSection(ExtensibilityGlobals) = postSolution
		SolutionGuid = {71BBF370-DE93-4C9E-B9AD-985486E64C98}
	EndGlobalSection
EndGlobal
